
Microsoft Visual Studio Solution File, Format Version 12.00
# Visual Studio Version 17
VisualStudioVersion = 17.14.36518.9 d17.14
MinimumVisualStudioVersion = 10.0.40219.1
Project("{FAE04EC0-301F-11D3-BF4B-00C04F79EFBC}") = "Module2_es1_LINQAnalysis", "Module2_es1_LINQAnalysis.csproj", "{B2BD2105-3190-4D41-A403-BEA06A95B439}"
EndProject
Global
	GlobalSection(SolutionConfigurationPlatforms) = preSolution
		Debug|Any CPU = Debug|Any CPU
		Release|Any CPU = Release|Any CPU
	EndGlobalSection
	GlobalSection(ProjectConfigurationPlatforms) = postSolution
		{B2BD2105-3190-4D41-A403-BEA06A95B439}.Debug|Any CPU.ActiveCfg = Debug|Any CPU
		{B2BD2105-3190-4D41-A403-BEA06A95B439}.Debug|Any CPU.Build.0 = Debug|Any CPU
		{B2BD2105-3190-4D41-A403-BEA06A95B439}.Release|Any CPU.ActiveCfg = Release|Any CPU
		{B2BD2105-3190-4D41-A403-BEA06A95B439}.Release|Any CPU.Build.0 = Release|Any CPU
	EndGlobalSection
	GlobalSection(SolutionProperties) = preSolution
		HideSolutionNode = FALSE
	EndGlobalSection
	GlobalSection(ExtensibilityGlobals) = postSolution
		SolutionGuid = {BFDB698A-E2F8-4322-B789-C79978DD9072}
	EndGlobalSection
EndGlobal
