
Microsoft Visual Studio Solution File, Format Version 12.00
# Visual Studio Version 17
VisualStudioVersion = 17.14.36518.9 d17.14
MinimumVisualStudioVersion = 10.0.40219.1
Project("{FAE04EC0-301F-11D3-BF4B-00C04F79EFBC}") = "Week1_AdvancedOOP", "Week1_AdvancedOOP.csproj", "{A15B87D0-DAF3-4AE9-B093-80E9F1B2C677}"
EndProject
Global
	GlobalSection(SolutionConfigurationPlatforms) = preSolution
		Debug|Any CPU = Debug|Any CPU
		Release|Any CPU = Release|Any CPU
	EndGlobalSection
	GlobalSection(ProjectConfigurationPlatforms) = postSolution
		{A15B87D0-DAF3-4AE9-B093-80E9F1B2C677}.Debug|Any CPU.ActiveCfg = Debug|Any CPU
		{A15B87D0-DAF3-4AE9-B093-80E9F1B2C677}.Debug|Any CPU.Build.0 = Debug|Any CPU
		{A15B87D0-DAF3-4AE9-B093-80E9F1B2C677}.Release|Any CPU.ActiveCfg = Release|Any CPU
		{A15B87D0-DAF3-4AE9-B093-80E9F1B2C677}.Release|Any CPU.Build.0 = Release|Any CPU
	EndGlobalSection
	GlobalSection(SolutionProperties) = preSolution
		HideSolutionNode = FALSE
	EndGlobalSection
	GlobalSection(ExtensibilityGlobals) = postSolution
		SolutionGuid = {9DED72C0-A8C8-49BF-BD29-9438005C64B4}
	EndGlobalSection
EndGlobal
