
Microsoft Visual Studio Solution File, Format Version 12.00
# Visual Studio Version 17
VisualStudioVersion = 17.14.36518.9 d17.14
MinimumVisualStudioVersion = 10.0.40219.1
Project("{FAE04EC0-301F-11D3-BF4B-00C04F79EFBC}") = "Module1_es2_LINQ", "Module1_es2_LINQ.csproj", "{DA6FFC82-BAC7-441E-AD10-C13C87310E43}"
EndProject
Global
	GlobalSection(SolutionConfigurationPlatforms) = preSolution
		Debug|Any CPU = Debug|Any CPU
		Release|Any CPU = Release|Any CPU
	EndGlobalSection
	GlobalSection(ProjectConfigurationPlatforms) = postSolution
		{DA6FFC82-BAC7-441E-AD10-C13C87310E43}.Debug|Any CPU.ActiveCfg = Debug|Any CPU
		{DA6FFC82-BAC7-441E-AD10-C13C87310E43}.Debug|Any CPU.Build.0 = Debug|Any CPU
		{DA6FFC82-BAC7-441E-AD10-C13C87310E43}.Release|Any CPU.ActiveCfg = Release|Any CPU
		{DA6FFC82-BAC7-441E-AD10-C13C87310E43}.Release|Any CPU.Build.0 = Release|Any CPU
	EndGlobalSection
	GlobalSection(SolutionProperties) = preSolution
		HideSolutionNode = FALSE
	EndGlobalSection
	GlobalSection(ExtensibilityGlobals) = postSolution
		SolutionGuid = {291807C7-E8D5-4B3A-BEB7-88AD303AD86A}
	EndGlobalSection
EndGlobal
